
Microsoft Visual Studio Solution File, Format Version 12.00
# Visual Studio Version 17
VisualStudioVersion = 17.11.35222.181
MinimumVisualStudioVersion = 10.0.40219.1
Project("{9A19103F-16F7-4668-BE54-9A1E7A4F7556}") = "MultiManagementSystem", "MultiManagementSystem\MultiManagementSystem.csproj", "{EE167430-F6C9-495A-9E43-FBFBD497FBCC}"
EndProject
Project("{FAE04EC0-301F-11D3-BF4B-00C04F79EFBC}") = "Tests", "Tests\Tests.csproj", "{08E0E106-15D0-475A-9C9B-3DECC86B7F0D}"
EndProject
Global
	GlobalSection(SolutionConfigurationPlatforms) = preSolution
		Debug|Any CPU = Debug|Any CPU
		Release|Any CPU = Release|Any CPU
	EndGlobalSection
	GlobalSection(ProjectConfigurationPlatforms) = postSolution
		{EE167430-F6C9-495A-9E43-FBFBD497FBCC}.Debug|Any CPU.ActiveCfg = Debug|Any CPU
		{EE167430-F6C9-495A-9E43-FBFBD497FBCC}.Debug|Any CPU.Build.0 = Debug|Any CPU
		{EE167430-F6C9-495A-9E43-FBFBD497FBCC}.Release|Any CPU.ActiveCfg = Release|Any CPU
		{EE167430-F6C9-495A-9E43-FBFBD497FBCC}.Release|Any CPU.Build.0 = Release|Any CPU
		{08E0E106-15D0-475A-9C9B-3DECC86B7F0D}.Debug|Any CPU.ActiveCfg = Debug|Any CPU
		{08E0E106-15D0-475A-9C9B-3DECC86B7F0D}.Debug|Any CPU.Build.0 = Debug|Any CPU
		{08E0E106-15D0-475A-9C9B-3DECC86B7F0D}.Release|Any CPU.ActiveCfg = Release|Any CPU
		{08E0E106-15D0-475A-9C9B-3DECC86B7F0D}.Release|Any CPU.Build.0 = Release|Any CPU
	EndGlobalSection
	GlobalSection(SolutionProperties) = preSolution
		HideSolutionNode = FALSE
	EndGlobalSection
	GlobalSection(ExtensibilityGlobals) = postSolution
		SolutionGuid = {91F831BF-02B7-4095-BE5C-A539FA964C54}
	EndGlobalSection
EndGlobal
